// !$*UTF8*$!
{
	archiveVersion = 1;
	classes = {
	};
	objectVersion = 46;
	objects = {

/* Begin PBXBuildFile section */
		78D2F5A51CD991A7003494A8 /* AlexBrokenLineView.m in Sources */ = {isa = PBXBuildFile; fileRef = 78D2F5A41CD991A7003494A8 /* AlexBrokenLineView.m */; };
		78EEA5AE1CD838BC00417766 /* main.m in Sources */ = {isa = PBXBuildFile; fileRef = 78EEA5AD1CD838BC00417766 /* main.m */; };
		78EEA5B11CD838BC00417766 /* AppDelegate.m in Sources */ = {isa = PBXBuildFile; fileRef = 78EEA5B01CD838BC00417766 /* AppDelegate.m */; };
		78EEA5B41CD838BC00417766 /* ViewController.m in Sources */ = {isa = PBXBuildFile; fileRef = 78EEA5B31CD838BC00417766 /* ViewController.m */; };
		78EEA5B71CD838BC00417766 /* Main.storyboard in Resources */ = {isa = PBXBuildFile; fileRef = 78EEA5B51CD838BC00417766 /* Main.storyboard */; };
		78EEA5B91CD838BC00417766 /* Assets.xcassets in Resources */ = {isa = PBXBuildFile; fileRef = 78EEA5B81CD838BC00417766 /* Assets.xcassets */; };
		78EEA5BC1CD838BC00417766 /* LaunchScreen.storyboard in Resources */ = {isa = PBXBuildFile; fileRef = 78EEA5BA1CD838BC00417766 /* LaunchScreen.storyboard */; };
		DA73CD5E1EADDBA600B94E0B /* NotificationCenter.framework in Frameworks */ = {isa = PBXBuildFile; fileRef = DA73CD5D1EADDBA600B94E0B /* NotificationCenter.framework */; };
		DA73CD621EADDBA600B94E0B /* TodayViewController.m in Sources */ = {isa = PBXBuildFile; fileRef = DA73CD611EADDBA600B94E0B /* TodayViewController.m */; };
		DA73CD691EADDBA600B94E0B /* Widget.appex in Embed App Extensions */ = {isa = PBXBuildFile; fileRef = DA73CD5B1EADDBA600B94E0B /* Widget.appex */; settings = {ATTRIBUTES = (RemoveHeadersOnCopy, ); }; };
		DA73CD701EADDECE00B94E0B /* HomeKit.framework in Frameworks */ = {isa = PBXBuildFile; fileRef = DA73CD6F1EADDECE00B94E0B /* HomeKit.framework */; };
		DA73CD721EADDF6900B94E0B /* HomeKit.framework in Frameworks */ = {isa = PBXBuildFile; fileRef = DA73CD6F1EADDECE00B94E0B /* HomeKit.framework */; };
		DAF890BC1EADF6650051DC02 /* light_off.jpg in Resources */ = {isa = PBXBuildFile; fileRef = DAF890BA1EADF6650051DC02 /* light_off.jpg */; };
		DAF890BD1EADF6650051DC02 /* light_on.jpg in Resources */ = {isa = PBXBuildFile; fileRef = DAF890BB1EADF6650051DC02 /* light_on.jpg */; };
		DAF890E41EAE09CC0051DC02 /* AFHTTPSessionManager.m in Sources */ = {isa = PBXBuildFile; fileRef = DAF890C11EAE09CB0051DC02 /* AFHTTPSessionManager.m */; };
		DAF890E51EAE09CC0051DC02 /* AFHTTPSessionManager.m in Sources */ = {isa = PBXBuildFile; fileRef = DAF890C11EAE09CB0051DC02 /* AFHTTPSessionManager.m */; };
		DAF890E61EAE09CC0051DC02 /* AFNetworkReachabilityManager.m in Sources */ = {isa = PBXBuildFile; fileRef = DAF890C41EAE09CB0051DC02 /* AFNetworkReachabilityManager.m */; };
		DAF890E71EAE09CC0051DC02 /* AFNetworkReachabilityManager.m in Sources */ = {isa = PBXBuildFile; fileRef = DAF890C41EAE09CB0051DC02 /* AFNetworkReachabilityManager.m */; };
		DAF890E81EAE09CC0051DC02 /* AFSecurityPolicy.m in Sources */ = {isa = PBXBuildFile; fileRef = DAF890C61EAE09CB0051DC02 /* AFSecurityPolicy.m */; };
		DAF890E91EAE09CC0051DC02 /* AFSecurityPolicy.m in Sources */ = {isa = PBXBuildFile; fileRef = DAF890C61EAE09CB0051DC02 /* AFSecurityPolicy.m */; };
		DAF890EA1EAE09CC0051DC02 /* AFURLRequestSerialization.m in Sources */ = {isa = PBXBuildFile; fileRef = DAF890C81EAE09CB0051DC02 /* AFURLRequestSerialization.m */; };
		DAF890EB1EAE09CC0051DC02 /* AFURLRequestSerialization.m in Sources */ = {isa = PBXBuildFile; fileRef = DAF890C81EAE09CB0051DC02 /* AFURLRequestSerialization.m */; };
		DAF890EC1EAE09CC0051DC02 /* AFURLResponseSerialization.m in Sources */ = {isa = PBXBuildFile; fileRef = DAF890CA1EAE09CB0051DC02 /* AFURLResponseSerialization.m */; };
		DAF890ED1EAE09CC0051DC02 /* AFURLResponseSerialization.m in Sources */ = {isa = PBXBuildFile; fileRef = DAF890CA1EAE09CB0051DC02 /* AFURLResponseSerialization.m */; };
		DAF890EE1EAE09CC0051DC02 /* AFURLSessionManager.m in Sources */ = {isa = PBXBuildFile; fileRef = DAF890CC1EAE09CB0051DC02 /* AFURLSessionManager.m */; };
		DAF890EF1EAE09CC0051DC02 /* AFURLSessionManager.m in Sources */ = {isa = PBXBuildFile; fileRef = DAF890CC1EAE09CB0051DC02 /* AFURLSessionManager.m */; };
		DAF890F01EAE09CC0051DC02 /* LICENSE in Resources */ = {isa = PBXBuildFile; fileRef = DAF890CD1EAE09CB0051DC02 /* LICENSE */; };
		DAF890F11EAE09CC0051DC02 /* LICENSE in Resources */ = {isa = PBXBuildFile; fileRef = DAF890CD1EAE09CB0051DC02 /* LICENSE */; };
		DAF890F21EAE09CC0051DC02 /* README.md in Sources */ = {isa = PBXBuildFile; fileRef = DAF890CE1EAE09CB0051DC02 /* README.md */; };
		DAF890F31EAE09CC0051DC02 /* README.md in Sources */ = {isa = PBXBuildFile; fileRef = DAF890CE1EAE09CB0051DC02 /* README.md */; };
		DAF890F41EAE09CC0051DC02 /* AFAutoPurgingImageCache.m in Sources */ = {isa = PBXBuildFile; fileRef = DAF890D11EAE09CB0051DC02 /* AFAutoPurgingImageCache.m */; };
		DAF890F51EAE09CC0051DC02 /* AFAutoPurgingImageCache.m in Sources */ = {isa = PBXBuildFile; fileRef = DAF890D11EAE09CB0051DC02 /* AFAutoPurgingImageCache.m */; };
		DAF890F61EAE09CC0051DC02 /* AFImageDownloader.m in Sources */ = {isa = PBXBuildFile; fileRef = DAF890D31EAE09CB0051DC02 /* AFImageDownloader.m */; };
		DAF890F71EAE09CC0051DC02 /* AFImageDownloader.m in Sources */ = {isa = PBXBuildFile; fileRef = DAF890D31EAE09CB0051DC02 /* AFImageDownloader.m */; };
		DAF890F81EAE09CC0051DC02 /* AFNetworkActivityIndicatorManager.m in Sources */ = {isa = PBXBuildFile; fileRef = DAF890D51EAE09CB0051DC02 /* AFNetworkActivityIndicatorManager.m */; };
		DAF890F91EAE09CC0051DC02 /* AFNetworkActivityIndicatorManager.m in Sources */ = {isa = PBXBuildFile; fileRef = DAF890D51EAE09CB0051DC02 /* AFNetworkActivityIndicatorManager.m */; };
		DAF890FA1EAE09CC0051DC02 /* UIActivityIndicatorView+AFNetworking.m in Sources */ = {isa = PBXBuildFile; fileRef = DAF890D71EAE09CC0051DC02 /* UIActivityIndicatorView+AFNetworking.m */; };
		DAF890FB1EAE09CC0051DC02 /* UIActivityIndicatorView+AFNetworking.m in Sources */ = {isa = PBXBuildFile; fileRef = DAF890D71EAE09CC0051DC02 /* UIActivityIndicatorView+AFNetworking.m */; };
		DAF890FC1EAE09CC0051DC02 /* UIButton+AFNetworking.m in Sources */ = {isa = PBXBuildFile; fileRef = DAF890D91EAE09CC0051DC02 /* UIButton+AFNetworking.m */; };
		DAF890FD1EAE09CC0051DC02 /* UIButton+AFNetworking.m in Sources */ = {isa = PBXBuildFile; fileRef = DAF890D91EAE09CC0051DC02 /* UIButton+AFNetworking.m */; };
		DAF890FE1EAE09CC0051DC02 /* UIImageView+AFNetworking.m in Sources */ = {isa = PBXBuildFile; fileRef = DAF890DC1EAE09CC0051DC02 /* UIImageView+AFNetworking.m */; };
		DAF890FF1EAE09CC0051DC02 /* UIImageView+AFNetworking.m in Sources */ = {isa = PBXBuildFile; fileRef = DAF890DC1EAE09CC0051DC02 /* UIImageView+AFNetworking.m */; };
		DAF891001EAE09CC0051DC02 /* UIProgressView+AFNetworking.m in Sources */ = {isa = PBXBuildFile; fileRef = DAF890DF1EAE09CC0051DC02 /* UIProgressView+AFNetworking.m */; };
		DAF891011EAE09CC0051DC02 /* UIProgressView+AFNetworking.m in Sources */ = {isa = PBXBuildFile; fileRef = DAF890DF1EAE09CC0051DC02 /* UIProgressView+AFNetworking.m */; };
		DAF891021EAE09CC0051DC02 /* UIRefreshControl+AFNetworking.m in Sources */ = {isa = PBXBuildFile; fileRef = DAF890E11EAE09CC0051DC02 /* UIRefreshControl+AFNetworking.m */; };
		DAF891031EAE09CC0051DC02 /* UIRefreshControl+AFNetworking.m in Sources */ = {isa = PBXBuildFile; fileRef = DAF890E11EAE09CC0051DC02 /* UIRefreshControl+AFNetworking.m */; };
		DAF891041EAE09CC0051DC02 /* UIWebView+AFNetworking.m in Sources */ = {isa = PBXBuildFile; fileRef = DAF890E31EAE09CC0051DC02 /* UIWebView+AFNetworking.m */; };
		DAF891051EAE09CC0051DC02 /* UIWebView+AFNetworking.m in Sources */ = {isa = PBXBuildFile; fileRef = DAF890E31EAE09CC0051DC02 /* UIWebView+AFNetworking.m */; };
/* End PBXBuildFile section */

/* Begin PBXContainerItemProxy section */
		DA73CD671EADDBA600B94E0B /* PBXContainerItemProxy */ = {
			isa = PBXContainerItemProxy;
			containerPortal = 78EEA5A11CD838BC00417766 /* Project object */;
			proxyType = 1;
			remoteGlobalIDString = DA73CD5A1EADDBA600B94E0B;
			remoteInfo = Widget;
		};
/* End PBXContainerItemProxy section */

/* Begin PBXCopyFilesBuildPhase section */
		DA73CD6D1EADDBA600B94E0B /* Embed App Extensions */ = {
			isa = PBXCopyFilesBuildPhase;
			buildActionMask = 2147483647;
			dstPath = "";
			dstSubfolderSpec = 13;
			files = (
				DA73CD691EADDBA600B94E0B /* Widget.appex in Embed App Extensions */,
			);
			name = "Embed App Extensions";
			runOnlyForDeploymentPostprocessing = 0;
		};
/* End PBXCopyFilesBuildPhase section */

/* Begin PBXFileReference section */
		78D2F5A31CD991A7003494A8 /* AlexBrokenLineView.h */ = {isa = PBXFileReference; fileEncoding = 4; lastKnownFileType = sourcecode.c.h; path = AlexBrokenLineView.h; sourceTree = "<group>"; };
		78D2F5A41CD991A7003494A8 /* AlexBrokenLineView.m */ = {isa = PBXFileReference; fileEncoding = 4; lastKnownFileType = sourcecode.c.objc; path = AlexBrokenLineView.m; sourceTree = "<group>"; };
		78EEA5A91CD838BC00417766 /* SmartHome.app */ = {isa = PBXFileReference; explicitFileType = wrapper.application; includeInIndex = 0; path = SmartHome.app; sourceTree = BUILT_PRODUCTS_DIR; };
		78EEA5AD1CD838BC00417766 /* main.m */ = {isa = PBXFileReference; lastKnownFileType = sourcecode.c.objc; path = main.m; sourceTree = "<group>"; };
		78EEA5AF1CD838BC00417766 /* AppDelegate.h */ = {isa = PBXFileReference; lastKnownFileType = sourcecode.c.h; path = AppDelegate.h; sourceTree = "<group>"; };
		78EEA5B01CD838BC00417766 /* AppDelegate.m */ = {isa = PBXFileReference; lastKnownFileType = sourcecode.c.objc; path = AppDelegate.m; sourceTree = "<group>"; };
		78EEA5B21CD838BC00417766 /* ViewController.h */ = {isa = PBXFileReference; lastKnownFileType = sourcecode.c.h; path = ViewController.h; sourceTree = "<group>"; };
		78EEA5B31CD838BC00417766 /* ViewController.m */ = {isa = PBXFileReference; lastKnownFileType = sourcecode.c.objc; path = ViewController.m; sourceTree = "<group>"; };
		78EEA5B61CD838BC00417766 /* Base */ = {isa = PBXFileReference; lastKnownFileType = file.storyboard; name = Base; path = Base.lproj/Main.storyboard; sourceTree = "<group>"; };
		78EEA5B81CD838BC00417766 /* Assets.xcassets */ = {isa = PBXFileReference; lastKnownFileType = folder.assetcatalog; path = Assets.xcassets; sourceTree = "<group>"; };
		78EEA5BB1CD838BC00417766 /* Base */ = {isa = PBXFileReference; lastKnownFileType = file.storyboard; name = Base; path = Base.lproj/LaunchScreen.storyboard; sourceTree = "<group>"; };
		78EEA5BD1CD838BC00417766 /* Info.plist */ = {isa = PBXFileReference; lastKnownFileType = text.plist.xml; path = Info.plist; sourceTree = "<group>"; };
		DA73CD5B1EADDBA600B94E0B /* Widget.appex */ = {isa = PBXFileReference; explicitFileType = "wrapper.app-extension"; includeInIndex = 0; path = Widget.appex; sourceTree = BUILT_PRODUCTS_DIR; };
		DA73CD5D1EADDBA600B94E0B /* NotificationCenter.framework */ = {isa = PBXFileReference; lastKnownFileType = wrapper.framework; name = NotificationCenter.framework; path = System/Library/Frameworks/NotificationCenter.framework; sourceTree = SDKROOT; };
		DA73CD601EADDBA600B94E0B /* TodayViewController.h */ = {isa = PBXFileReference; lastKnownFileType = sourcecode.c.h; path = TodayViewController.h; sourceTree = "<group>"; };
		DA73CD611EADDBA600B94E0B /* TodayViewController.m */ = {isa = PBXFileReference; lastKnownFileType = sourcecode.c.objc; path = TodayViewController.m; sourceTree = "<group>"; };
		DA73CD661EADDBA600B94E0B /* Info.plist */ = {isa = PBXFileReference; lastKnownFileType = text.plist.xml; path = Info.plist; sourceTree = "<group>"; };
		DA73CD6E1EADDECE00B94E0B /* Widget.entitlements */ = {isa = PBXFileReference; lastKnownFileType = text.plist.entitlements; path = Widget.entitlements; sourceTree = "<group>"; };
		DA73CD6F1EADDECE00B94E0B /* HomeKit.framework */ = {isa = PBXFileReference; lastKnownFileType = wrapper.framework; name = HomeKit.framework; path = System/Library/Frameworks/HomeKit.framework; sourceTree = SDKROOT; };
		DA73CD711EADDF6900B94E0B /* SmartHome.entitlements */ = {isa = PBXFileReference; lastKnownFileType = text.plist.entitlements; path = SmartHome.entitlements; sourceTree = "<group>"; };
		DAF890BA1EADF6650051DC02 /* light_off.jpg */ = {isa = PBXFileReference; lastKnownFileType = image.jpeg; path = light_off.jpg; sourceTree = "<group>"; };
		DAF890BB1EADF6650051DC02 /* light_on.jpg */ = {isa = PBXFileReference; lastKnownFileType = image.jpeg; path = light_on.jpg; sourceTree = "<group>"; };
		DAF890C01EAE09CB0051DC02 /* AFHTTPSessionManager.h */ = {isa = PBXFileReference; fileEncoding = 4; lastKnownFileType = sourcecode.c.h; path = AFHTTPSessionManager.h; sourceTree = "<group>"; };
		DAF890C11EAE09CB0051DC02 /* AFHTTPSessionManager.m */ = {isa = PBXFileReference; fileEncoding = 4; lastKnownFileType = sourcecode.c.objc; path = AFHTTPSessionManager.m; sourceTree = "<group>"; };
		DAF890C21EAE09CB0051DC02 /* AFNetworking.h */ = {isa = PBXFileReference; fileEncoding = 4; lastKnownFileType = sourcecode.c.h; path = AFNetworking.h; sourceTree = "<group>"; };
		DAF890C31EAE09CB0051DC02 /* AFNetworkReachabilityManager.h */ = {isa = PBXFileReference; fileEncoding = 4; lastKnownFileType = sourcecode.c.h; path = AFNetworkReachabilityManager.h; sourceTree = "<group>"; };
		DAF890C41EAE09CB0051DC02 /* AFNetworkReachabilityManager.m */ = {isa = PBXFileReference; fileEncoding = 4; lastKnownFileType = sourcecode.c.objc; path = AFNetworkReachabilityManager.m; sourceTree = "<group>"; };
		DAF890C51EAE09CB0051DC02 /* AFSecurityPolicy.h */ = {isa = PBXFileReference; fileEncoding = 4; lastKnownFileType = sourcecode.c.h; path = AFSecurityPolicy.h; sourceTree = "<group>"; };
		DAF890C61EAE09CB0051DC02 /* AFSecurityPolicy.m */ = {isa = PBXFileReference; fileEncoding = 4; lastKnownFileType = sourcecode.c.objc; path = AFSecurityPolicy.m; sourceTree = "<group>"; };
		DAF890C71EAE09CB0051DC02 /* AFURLRequestSerialization.h */ = {isa = PBXFileReference; fileEncoding = 4; lastKnownFileType = sourcecode.c.h; path = AFURLRequestSerialization.h; sourceTree = "<group>"; };
		DAF890C81EAE09CB0051DC02 /* AFURLRequestSerialization.m */ = {isa = PBXFileReference; fileEncoding = 4; lastKnownFileType = sourcecode.c.objc; path = AFURLRequestSerialization.m; sourceTree = "<group>"; };
		DAF890C91EAE09CB0051DC02 /* AFURLResponseSerialization.h */ = {isa = PBXFileReference; fileEncoding = 4; lastKnownFileType = sourcecode.c.h; path = AFURLResponseSerialization.h; sourceTree = "<group>"; };
		DAF890CA1EAE09CB0051DC02 /* AFURLResponseSerialization.m */ = {isa = PBXFileReference; fileEncoding = 4; lastKnownFileType = sourcecode.c.objc; path = AFURLResponseSerialization.m; sourceTree = "<group>"; };
		DAF890CB1EAE09CB0051DC02 /* AFURLSessionManager.h */ = {isa = PBXFileReference; fileEncoding = 4; lastKnownFileType = sourcecode.c.h; path = AFURLSessionManager.h; sourceTree = "<group>"; };
		DAF890CC1EAE09CB0051DC02 /* AFURLSessionManager.m */ = {isa = PBXFileReference; fileEncoding = 4; lastKnownFileType = sourcecode.c.objc; path = AFURLSessionManager.m; sourceTree = "<group>"; };
		DAF890CD1EAE09CB0051DC02 /* LICENSE */ = {isa = PBXFileReference; fileEncoding = 4; lastKnownFileType = text; path = LICENSE; sourceTree = "<group>"; };
		DAF890CE1EAE09CB0051DC02 /* README.md */ = {isa = PBXFileReference; fileEncoding = 4; lastKnownFileType = net.daringfireball.markdown; path = README.md; sourceTree = "<group>"; };
		DAF890D01EAE09CB0051DC02 /* AFAutoPurgingImageCache.h */ = {isa = PBXFileReference; fileEncoding = 4; lastKnownFileType = sourcecode.c.h; path = AFAutoPurgingImageCache.h; sourceTree = "<group>"; };
		DAF890D11EAE09CB0051DC02 /* AFAutoPurgingImageCache.m */ = {isa = PBXFileReference; fileEncoding = 4; lastKnownFileType = sourcecode.c.objc; path = AFAutoPurgingImageCache.m; sourceTree = "<group>"; };
		DAF890D21EAE09CB0051DC02 /* AFImageDownloader.h */ = {isa = PBXFileReference; fileEncoding = 4; lastKnownFileType = sourcecode.c.h; path = AFImageDownloader.h; sourceTree = "<group>"; };
		DAF890D31EAE09CB0051DC02 /* AFImageDownloader.m */ = {isa = PBXFileReference; fileEncoding = 4; lastKnownFileType = sourcecode.c.objc; path = AFImageDownloader.m; sourceTree = "<group>"; };
		DAF890D41EAE09CB0051DC02 /* AFNetworkActivityIndicatorManager.h */ = {isa = PBXFileReference; fileEncoding = 4; lastKnownFileType = sourcecode.c.h; path = AFNetworkActivityIndicatorManager.h; sourceTree = "<group>"; };
		DAF890D51EAE09CB0051DC02 /* AFNetworkActivityIndicatorManager.m */ = {isa = PBXFileReference; fileEncoding = 4; lastKnownFileType = sourcecode.c.objc; path = AFNetworkActivityIndicatorManager.m; sourceTree = "<group>"; };
		DAF890D61EAE09CC0051DC02 /* UIActivityIndicatorView+AFNetworking.h */ = {isa = PBXFileReference; fileEncoding = 4; lastKnownFileType = sourcecode.c.h; path = "UIActivityIndicatorView+AFNetworking.h"; sourceTree = "<group>"; };
		DAF890D71EAE09CC0051DC02 /* UIActivityIndicatorView+AFNetworking.m */ = {isa = PBXFileReference; fileEncoding = 4; lastKnownFileType = sourcecode.c.objc; path = "UIActivityIndicatorView+AFNetworking.m"; sourceTree = "<group>"; };
		DAF890D81EAE09CC0051DC02 /* UIButton+AFNetworking.h */ = {isa = PBXFileReference; fileEncoding = 4; lastKnownFileType = sourcecode.c.h; path = "UIButton+AFNetworking.h"; sourceTree = "<group>"; };
		DAF890D91EAE09CC0051DC02 /* UIButton+AFNetworking.m */ = {isa = PBXFileReference; fileEncoding = 4; lastKnownFileType = sourcecode.c.objc; path = "UIButton+AFNetworking.m"; sourceTree = "<group>"; };
		DAF890DA1EAE09CC0051DC02 /* UIImage+AFNetworking.h */ = {isa = PBXFileReference; fileEncoding = 4; lastKnownFileType = sourcecode.c.h; path = "UIImage+AFNetworking.h"; sourceTree = "<group>"; };
		DAF890DB1EAE09CC0051DC02 /* UIImageView+AFNetworking.h */ = {isa = PBXFileReference; fileEncoding = 4; lastKnownFileType = sourcecode.c.h; path = "UIImageView+AFNetworking.h"; sourceTree = "<group>"; };
		DAF890DC1EAE09CC0051DC02 /* UIImageView+AFNetworking.m */ = {isa = PBXFileReference; fileEncoding = 4; lastKnownFileType = sourcecode.c.objc; path = "UIImageView+AFNetworking.m"; sourceTree = "<group>"; };
		DAF890DD1EAE09CC0051DC02 /* UIKit+AFNetworking.h */ = {isa = PBXFileReference; fileEncoding = 4; lastKnownFileType = sourcecode.c.h; path = "UIKit+AFNetworking.h"; sourceTree = "<group>"; };
		DAF890DE1EAE09CC0051DC02 /* UIProgressView+AFNetworking.h */ = {isa = PBXFileReference; fileEncoding = 4; lastKnownFileType = sourcecode.c.h; path = "UIProgressView+AFNetworking.h"; sourceTree = "<group>"; };
		DAF890DF1EAE09CC0051DC02 /* UIProgressView+AFNetworking.m */ = {isa = PBXFileReference; fileEncoding = 4; lastKnownFileType = sourcecode.c.objc; path = "UIProgressView+AFNetworking.m"; sourceTree = "<group>"; };
		DAF890E01EAE09CC0051DC02 /* UIRefreshControl+AFNetworking.h */ = {isa = PBXFileReference; fileEncoding = 4; lastKnownFileType = sourcecode.c.h; path = "UIRefreshControl+AFNetworking.h"; sourceTree = "<group>"; };
		DAF890E11EAE09CC0051DC02 /* UIRefreshControl+AFNetworking.m */ = {isa = PBXFileReference; fileEncoding = 4; lastKnownFileType = sourcecode.c.objc; path = "UIRefreshControl+AFNetworking.m"; sourceTree = "<group>"; };
		DAF890E21EAE09CC0051DC02 /* UIWebView+AFNetworking.h */ = {isa = PBXFileReference; fileEncoding = 4; lastKnownFileType = sourcecode.c.h; path = "UIWebView+AFNetworking.h"; sourceTree = "<group>"; };
		DAF890E31EAE09CC0051DC02 /* UIWebView+AFNetworking.m */ = {isa = PBXFileReference; fileEncoding = 4; lastKnownFileType = sourcecode.c.objc; path = "UIWebView+AFNetworking.m"; sourceTree = "<group>"; };
/* End PBXFileReference section */

/* Begin PBXFrameworksBuildPhase section */
		78EEA5A61CD838BC00417766 /* Frameworks */ = {
			isa = PBXFrameworksBuildPhase;
			buildActionMask = 2147483647;
			files = (
				DA73CD721EADDF6900B94E0B /* HomeKit.framework in Frameworks */,
			);
			runOnlyForDeploymentPostprocessing = 0;
		};
		DA73CD581EADDBA600B94E0B /* Frameworks */ = {
			isa = PBXFrameworksBuildPhase;
			buildActionMask = 2147483647;
			files = (
				DA73CD701EADDECE00B94E0B /* HomeKit.framework in Frameworks */,
				DA73CD5E1EADDBA600B94E0B /* NotificationCenter.framework in Frameworks */,
			);
			runOnlyForDeploymentPostprocessing = 0;
		};
/* End PBXFrameworksBuildPhase section */

/* Begin PBXGroup section */
		78EEA5A01CD838BC00417766 = {
			isa = PBXGroup;
			children = (
				78EEA5AB1CD838BC00417766 /* SmartHome */,
				DA73CD5F1EADDBA600B94E0B /* Widget */,
				DA73CD5C1EADDBA600B94E0B /* Frameworks */,
				78EEA5AA1CD838BC00417766 /* Products */,
			);
			sourceTree = "<group>";
		};
		78EEA5AA1CD838BC00417766 /* Products */ = {
			isa = PBXGroup;
			children = (
				78EEA5A91CD838BC00417766 /* SmartHome.app */,
				DA73CD5B1EADDBA600B94E0B /* Widget.appex */,
			);
			name = Products;
			sourceTree = "<group>";
		};
		78EEA5AB1CD838BC00417766 /* SmartHome */ = {
			isa = PBXGroup;
			children = (
				DAF890BE1EAE09CB0051DC02 /* AFNetworking */,
				DA73CD711EADDF6900B94E0B /* SmartHome.entitlements */,
				78EEA5AF1CD838BC00417766 /* AppDelegate.h */,
				78EEA5B01CD838BC00417766 /* AppDelegate.m */,
				78EEA5B21CD838BC00417766 /* ViewController.h */,
				78EEA5B31CD838BC00417766 /* ViewController.m */,
				78D2F5A31CD991A7003494A8 /* AlexBrokenLineView.h */,
				78D2F5A41CD991A7003494A8 /* AlexBrokenLineView.m */,
				78EEA5B51CD838BC00417766 /* Main.storyboard */,
				78EEA5B81CD838BC00417766 /* Assets.xcassets */,
				78EEA5BA1CD838BC00417766 /* LaunchScreen.storyboard */,
				78EEA5BD1CD838BC00417766 /* Info.plist */,
				78EEA5AC1CD838BC00417766 /* Supporting Files */,
			);
			path = SmartHome;
			sourceTree = "<group>";
		};
		78EEA5AC1CD838BC00417766 /* Supporting Files */ = {
			isa = PBXGroup;
			children = (
				78EEA5AD1CD838BC00417766 /* main.m */,
			);
			name = "Supporting Files";
			sourceTree = "<group>";
		};
		DA73CD5C1EADDBA600B94E0B /* Frameworks */ = {
			isa = PBXGroup;
			children = (
				DA73CD6F1EADDECE00B94E0B /* HomeKit.framework */,
				DA73CD5D1EADDBA600B94E0B /* NotificationCenter.framework */,
			);
			name = Frameworks;
			sourceTree = "<group>";
		};
		DA73CD5F1EADDBA600B94E0B /* Widget */ = {
			isa = PBXGroup;
			children = (
				DA73CD6E1EADDECE00B94E0B /* Widget.entitlements */,
				DA73CD601EADDBA600B94E0B /* TodayViewController.h */,
				DA73CD611EADDBA600B94E0B /* TodayViewController.m */,
				DA73CD661EADDBA600B94E0B /* Info.plist */,
				DAF890B91EADF6650051DC02 /* Resource */,
			);
			path = Widget;
			sourceTree = "<group>";
		};
		DAF890B91EADF6650051DC02 /* Resource */ = {
			isa = PBXGroup;
			children = (
				DAF890BA1EADF6650051DC02 /* light_off.jpg */,
				DAF890BB1EADF6650051DC02 /* light_on.jpg */,
			);
			path = Resource;
			sourceTree = "<group>";
		};
		DAF890BE1EAE09CB0051DC02 /* AFNetworking */ = {
			isa = PBXGroup;
			children = (
				DAF890BF1EAE09CB0051DC02 /* AFNetworking */,
				DAF890CD1EAE09CB0051DC02 /* LICENSE */,
				DAF890CE1EAE09CB0051DC02 /* README.md */,
				DAF890CF1EAE09CB0051DC02 /* UIKit+AFNetworking */,
			);
			path = AFNetworking;
			sourceTree = "<group>";
		};
		DAF890BF1EAE09CB0051DC02 /* AFNetworking */ = {
			isa = PBXGroup;
			children = (
				DAF890C01EAE09CB0051DC02 /* AFHTTPSessionManager.h */,
				DAF890C11EAE09CB0051DC02 /* AFHTTPSessionManager.m */,
				DAF890C21EAE09CB0051DC02 /* AFNetworking.h */,
				DAF890C31EAE09CB0051DC02 /* AFNetworkReachabilityManager.h */,
				DAF890C41EAE09CB0051DC02 /* AFNetworkReachabilityManager.m */,
				DAF890C51EAE09CB0051DC02 /* AFSecurityPolicy.h */,
				DAF890C61EAE09CB0051DC02 /* AFSecurityPolicy.m */,
				DAF890C71EAE09CB0051DC02 /* AFURLRequestSerialization.h */,
				DAF890C81EAE09CB0051DC02 /* AFURLRequestSerialization.m */,
				DAF890C91EAE09CB0051DC02 /* AFURLResponseSerialization.h */,
				DAF890CA1EAE09CB0051DC02 /* AFURLResponseSerialization.m */,
				DAF890CB1EAE09CB0051DC02 /* AFURLSessionManager.h */,
				DAF890CC1EAE09CB0051DC02 /* AFURLSessionManager.m */,
			);
			path = AFNetworking;
			sourceTree = "<group>";
		};
		DAF890CF1EAE09CB0051DC02 /* UIKit+AFNetworking */ = {
			isa = PBXGroup;
			children = (
				DAF890D01EAE09CB0051DC02 /* AFAutoPurgingImageCache.h */,
				DAF890D11EAE09CB0051DC02 /* AFAutoPurgingImageCache.m */,
				DAF890D21EAE09CB0051DC02 /* AFImageDownloader.h */,
				DAF890D31EAE09CB0051DC02 /* AFImageDownloader.m */,
				DAF890D41EAE09CB0051DC02 /* AFNetworkActivityIndicatorManager.h */,
				DAF890D51EAE09CB0051DC02 /* AFNetworkActivityIndicatorManager.m */,
				DAF890D61EAE09CC0051DC02 /* UIActivityIndicatorView+AFNetworking.h */,
				DAF890D71EAE09CC0051DC02 /* UIActivityIndicatorView+AFNetworking.m */,
				DAF890D81EAE09CC0051DC02 /* UIButton+AFNetworking.h */,
				DAF890D91EAE09CC0051DC02 /* UIButton+AFNetworking.m */,
				DAF890DA1EAE09CC0051DC02 /* UIImage+AFNetworking.h */,
				DAF890DB1EAE09CC0051DC02 /* UIImageView+AFNetworking.h */,
				DAF890DC1EAE09CC0051DC02 /* UIImageView+AFNetworking.m */,
				DAF890DD1EAE09CC0051DC02 /* UIKit+AFNetworking.h */,
				DAF890DE1EAE09CC0051DC02 /* UIProgressView+AFNetworking.h */,
				DAF890DF1EAE09CC0051DC02 /* UIProgressView+AFNetworking.m */,
				DAF890E01EAE09CC0051DC02 /* UIRefreshControl+AFNetworking.h */,
				DAF890E11EAE09CC0051DC02 /* UIRefreshControl+AFNetworking.m */,
				DAF890E21EAE09CC0051DC02 /* UIWebView+AFNetworking.h */,
				DAF890E31EAE09CC0051DC02 /* UIWebView+AFNetworking.m */,
			);
			path = "UIKit+AFNetworking";
			sourceTree = "<group>";
		};
/* End PBXGroup section */

/* Begin PBXNativeTarget section */
		78EEA5A81CD838BC00417766 /* SmartHome */ = {
			isa = PBXNativeTarget;
			buildConfigurationList = 78EEA5C01CD838BC00417766 /* Build configuration list for PBXNativeTarget "SmartHome" */;
			buildPhases = (
				78EEA5A51CD838BC00417766 /* Sources */,
				78EEA5A61CD838BC00417766 /* Frameworks */,
				78EEA5A71CD838BC00417766 /* Resources */,
				DA73CD6D1EADDBA600B94E0B /* Embed App Extensions */,
			);
			buildRules = (
			);
			dependencies = (
				DA73CD681EADDBA600B94E0B /* PBXTargetDependency */,
			);
			name = SmartHome;
			productName = SmartHome;
			productReference = 78EEA5A91CD838BC00417766 /* SmartHome.app */;
			productType = "com.apple.product-type.application";
		};
		DA73CD5A1EADDBA600B94E0B /* Widget */ = {
			isa = PBXNativeTarget;
			buildConfigurationList = DA73CD6A1EADDBA600B94E0B /* Build configuration list for PBXNativeTarget "Widget" */;
			buildPhases = (
				DA73CD571EADDBA600B94E0B /* Sources */,
				DA73CD581EADDBA600B94E0B /* Frameworks */,
				DA73CD591EADDBA600B94E0B /* Resources */,
			);
			buildRules = (
			);
			dependencies = (
			);
			name = Widget;
			productName = Widget;
			productReference = DA73CD5B1EADDBA600B94E0B /* Widget.appex */;
			productType = "com.apple.product-type.app-extension";
		};
/* End PBXNativeTarget section */

/* Begin PBXProject section */
		78EEA5A11CD838BC00417766 /* Project object */ = {
			isa = PBXProject;
			attributes = {
				LastUpgradeCheck = 0720;
				ORGANIZATIONNAME = JixinZhang;
				TargetAttributes = {
					78EEA5A81CD838BC00417766 = {
						CreatedOnToolsVersion = 7.2.1;
						DevelopmentTeam = 4RTMSXL9KV;
						SystemCapabilities = {
							com.apple.HomeKit = {
								enabled = 1;
							};
						};
					};
					DA73CD5A1EADDBA600B94E0B = {
						CreatedOnToolsVersion = 8.3.1;
						DevelopmentTeam = 4RTMSXL9KV;
						ProvisioningStyle = Automatic;
						SystemCapabilities = {
							com.apple.HomeKit = {
								enabled = 1;
							};
						};
					};
				};
			};
			buildConfigurationList = 78EEA5A41CD838BC00417766 /* Build configuration list for PBXProject "SmartHome" */;
			compatibilityVersion = "Xcode 3.2";
			developmentRegion = English;
			hasScannedForEncodings = 0;
			knownRegions = (
				en,
				Base,
			);
			mainGroup = 78EEA5A01CD838BC00417766;
			productRefGroup = 78EEA5AA1CD838BC00417766 /* Products */;
			projectDirPath = "";
			projectRoot = "";
			targets = (
				78EEA5A81CD838BC00417766 /* SmartHome */,
				DA73CD5A1EADDBA600B94E0B /* Widget */,
			);
		};
/* End PBXProject section */

/* Begin PBXResourcesBuildPhase section */
		78EEA5A71CD838BC00417766 /* Resources */ = {
			isa = PBXResourcesBuildPhase;
			buildActionMask = 2147483647;
			files = (
				78EEA5BC1CD838BC00417766 /* LaunchScreen.storyboard in Resources */,
				78EEA5B91CD838BC00417766 /* Assets.xcassets in Resources */,
				DAF890F01EAE09CC0051DC02 /* LICENSE in Resources */,
				78EEA5B71CD838BC00417766 /* Main.storyboard in Resources */,
			);
			runOnlyForDeploymentPostprocessing = 0;
		};
		DA73CD591EADDBA600B94E0B /* Resources */ = {
			isa = PBXResourcesBuildPhase;
			buildActionMask = 2147483647;
			files = (
				DAF890F11EAE09CC0051DC02 /* LICENSE in Resources */,
				DAF890BC1EADF6650051DC02 /* light_off.jpg in Resources */,
				DAF890BD1EADF6650051DC02 /* light_on.jpg in Resources */,
			);
			runOnlyForDeploymentPostprocessing = 0;
		};
/* End PBXResourcesBuildPhase section */

/* Begin PBXSourcesBuildPhase section */
		78EEA5A51CD838BC00417766 /* Sources */ = {
			isa = PBXSourcesBuildPhase;
			buildActionMask = 2147483647;
			files = (
				DAF890E81EAE09CC0051DC02 /* AFSecurityPolicy.m in Sources */,
				DAF890FE1EAE09CC0051DC02 /* UIImageView+AFNetworking.m in Sources */,
				DAF890EC1EAE09CC0051DC02 /* AFURLResponseSerialization.m in Sources */,
				78EEA5B41CD838BC00417766 /* ViewController.m in Sources */,
				DAF891001EAE09CC0051DC02 /* UIProgressView+AFNetworking.m in Sources */,
				DAF890F61EAE09CC0051DC02 /* AFImageDownloader.m in Sources */,
				DAF890F41EAE09CC0051DC02 /* AFAutoPurgingImageCache.m in Sources */,
				78EEA5B11CD838BC00417766 /* AppDelegate.m in Sources */,
				DAF890FC1EAE09CC0051DC02 /* UIButton+AFNetworking.m in Sources */,
				DAF890FA1EAE09CC0051DC02 /* UIActivityIndicatorView+AFNetworking.m in Sources */,
				DAF890E41EAE09CC0051DC02 /* AFHTTPSessionManager.m in Sources */,
				DAF891021EAE09CC0051DC02 /* UIRefreshControl+AFNetworking.m in Sources */,
				DAF891041EAE09CC0051DC02 /* UIWebView+AFNetworking.m in Sources */,
				DAF890EE1EAE09CC0051DC02 /* AFURLSessionManager.m in Sources */,
				78EEA5AE1CD838BC00417766 /* main.m in Sources */,
				DAF890E61EAE09CC0051DC02 /* AFNetworkReachabilityManager.m in Sources */,
				78D2F5A51CD991A7003494A8 /* AlexBrokenLineView.m in Sources */,
				DAF890F21EAE09CC0051DC02 /* README.md in Sources */,
				DAF890F81EAE09CC0051DC02 /* AFNetworkActivityIndicatorManager.m in Sources */,
				DAF890EA1EAE09CC0051DC02 /* AFURLRequestSerialization.m in Sources */,
			);
			runOnlyForDeploymentPostprocessing = 0;
		};
		DA73CD571EADDBA600B94E0B /* Sources */ = {
			isa = PBXSourcesBuildPhase;
			buildActionMask = 2147483647;
			files = (
				DAF890E91EAE09CC0051DC02 /* AFSecurityPolicy.m in Sources */,
				DA73CD621EADDBA600B94E0B /* TodayViewController.m in Sources */,
				DAF891031EAE09CC0051DC02 /* UIRefreshControl+AFNetworking.m in Sources */,
				DAF890EB1EAE09CC0051DC02 /* AFURLRequestSerialization.m in Sources */,
				DAF890EF1EAE09CC0051DC02 /* AFURLSessionManager.m in Sources */,
				DAF891011EAE09CC0051DC02 /* UIProgressView+AFNetworking.m in Sources */,
				DAF890F91EAE09CC0051DC02 /* AFNetworkActivityIndicatorManager.m in Sources */,
				DAF890FF1EAE09CC0051DC02 /* UIImageView+AFNetworking.m in Sources */,
				DAF890E71EAE09CC0051DC02 /* AFNetworkReachabilityManager.m in Sources */,
				DAF890FB1EAE09CC0051DC02 /* UIActivityIndicatorView+AFNetworking.m in Sources */,
				DAF891051EAE09CC0051DC02 /* UIWebView+AFNetworking.m in Sources */,
				DAF890ED1EAE09CC0051DC02 /* AFURLResponseSerialization.m in Sources */,
				DAF890F51EAE09CC0051DC02 /* AFAutoPurgingImageCache.m in Sources */,
				DAF890F71EAE09CC0051DC02 /* AFImageDownloader.m in Sources */,
				DAF890F31EAE09CC0051DC02 /* README.md in Sources */,
				DAF890FD1EAE09CC0051DC02 /* UIButton+AFNetworking.m in Sources */,
				DAF890E51EAE09CC0051DC02 /* AFHTTPSessionManager.m in Sources */,
			);
			runOnlyForDeploymentPostprocessing = 0;
		};
/* End PBXSourcesBuildPhase section */

/* Begin PBXTargetDependency section */
		DA73CD681EADDBA600B94E0B /* PBXTargetDependency */ = {
			isa = PBXTargetDependency;
			target = DA73CD5A1EADDBA600B94E0B /* Widget */;
			targetProxy = DA73CD671EADDBA600B94E0B /* PBXContainerItemProxy */;
		};
/* End PBXTargetDependency section */

/* Begin PBXVariantGroup section */
		78EEA5B51CD838BC00417766 /* Main.storyboard */ = {
			isa = PBXVariantGroup;
			children = (
				78EEA5B61CD838BC00417766 /* Base */,
			);
			name = Main.storyboard;
			sourceTree = "<group>";
		};
		78EEA5BA1CD838BC00417766 /* LaunchScreen.storyboard */ = {
			isa = PBXVariantGroup;
			children = (
				78EEA5BB1CD838BC00417766 /* Base */,
			);
			name = LaunchScreen.storyboard;
			sourceTree = "<group>";
		};
/* End PBXVariantGroup section */

/* Begin XCBuildConfiguration section */
		78EEA5BE1CD838BC00417766 /* Debug */ = {
			isa = XCBuildConfiguration;
			buildSettings = {
				ALWAYS_SEARCH_USER_PATHS = NO;
				CLANG_CXX_LANGUAGE_STANDARD = "gnu++0x";
				CLANG_CXX_LIBRARY = "libc++";
				CLANG_ENABLE_MODULES = YES;
				CLANG_ENABLE_OBJC_ARC = YES;
				CLANG_WARN_BOOL_CONVERSION = YES;
				CLANG_WARN_CONSTANT_CONVERSION = YES;
				CLANG_WARN_DIRECT_OBJC_ISA_USAGE = YES_ERROR;
				CLANG_WARN_EMPTY_BODY = YES;
				CLANG_WARN_ENUM_CONVERSION = YES;
				CLANG_WARN_INT_CONVERSION = YES;
				CLANG_WARN_OBJC_ROOT_CLASS = YES_ERROR;
				CLANG_WARN_UNREACHABLE_CODE = YES;
				CLANG_WARN__DUPLICATE_METHOD_MATCH = YES;
				"CODE_SIGN_IDENTITY[sdk=iphoneos*]" = "iPhone Developer";
				COPY_PHASE_STRIP = NO;
				DEBUG_INFORMATION_FORMAT = dwarf;
				ENABLE_STRICT_OBJC_MSGSEND = YES;
				ENABLE_TESTABILITY = YES;
				GCC_C_LANGUAGE_STANDARD = gnu99;
				GCC_DYNAMIC_NO_PIC = NO;
				GCC_NO_COMMON_BLOCKS = YES;
				GCC_OPTIMIZATION_LEVEL = 0;
				GCC_PREPROCESSOR_DEFINITIONS = (
					"DEBUG=1",
					"$(inherited)",
				);
				GCC_WARN_64_TO_32_BIT_CONVERSION = YES;
				GCC_WARN_ABOUT_RETURN_TYPE = YES_ERROR;
				GCC_WARN_UNDECLARED_SELECTOR = YES;
				GCC_WARN_UNINITIALIZED_AUTOS = YES_AGGRESSIVE;
				GCC_WARN_UNUSED_FUNCTION = YES;
				GCC_WARN_UNUSED_VARIABLE = YES;
				IPHONEOS_DEPLOYMENT_TARGET = 9.2;
				MTL_ENABLE_DEBUG_INFO = YES;
				ONLY_ACTIVE_ARCH = YES;
				SDKROOT = iphoneos;
			};
			name = Debug;
		};
		78EEA5BF1CD838BC00417766 /* Release */ = {
			isa = XCBuildConfiguration;
			buildSettings = {
				ALWAYS_SEARCH_USER_PATHS = NO;
				CLANG_CXX_LANGUAGE_STANDARD = "gnu++0x";
				CLANG_CXX_LIBRARY = "libc++";
				CLANG_ENABLE_MODULES = YES;
				CLANG_ENABLE_OBJC_ARC = YES;
				CLANG_WARN_BOOL_CONVERSION = YES;
				CLANG_WARN_CONSTANT_CONVERSION = YES;
				CLANG_WARN_DIRECT_OBJC_ISA_USAGE = YES_ERROR;
				CLANG_WARN_EMPTY_BODY = YES;
				CLANG_WARN_ENUM_CONVERSION = YES;
				CLANG_WARN_INT_CONVERSION = YES;
				CLANG_WARN_OBJC_ROOT_CLASS = YES_ERROR;
				CLANG_WARN_UNREACHABLE_CODE = YES;
				CLANG_WARN__DUPLICATE_METHOD_MATCH = YES;
				"CODE_SIGN_IDENTITY[sdk=iphoneos*]" = "iPhone Developer";
				COPY_PHASE_STRIP = NO;
				DEBUG_INFORMATION_FORMAT = "dwarf-with-dsym";
				ENABLE_NS_ASSERTIONS = NO;
				ENABLE_STRICT_OBJC_MSGSEND = YES;
				GCC_C_LANGUAGE_STANDARD = gnu99;
				GCC_NO_COMMON_BLOCKS = YES;
				GCC_WARN_64_TO_32_BIT_CONVERSION = YES;
				GCC_WARN_ABOUT_RETURN_TYPE = YES_ERROR;
				GCC_WARN_UNDECLARED_SELECTOR = YES;
				GCC_WARN_UNINITIALIZED_AUTOS = YES_AGGRESSIVE;
				GCC_WARN_UNUSED_FUNCTION = YES;
				GCC_WARN_UNUSED_VARIABLE = YES;
				IPHONEOS_DEPLOYMENT_TARGET = 9.2;
				MTL_ENABLE_DEBUG_INFO = NO;
				SDKROOT = iphoneos;
				VALIDATE_PRODUCT = YES;
			};
			name = Release;
		};
		78EEA5C11CD838BC00417766 /* Debug */ = {
			isa = XCBuildConfiguration;
			buildSettings = {
				ASSETCATALOG_COMPILER_APPICON_NAME = AppIcon;
				CODE_SIGN_ENTITLEMENTS = SmartHome/SmartHome.entitlements;
				CODE_SIGN_IDENTITY = "iPhone Developer";
				DEVELOPMENT_TEAM = 4RTMSXL9KV;
				INFOPLIST_FILE = SmartHome/Info.plist;
				LD_RUNPATH_SEARCH_PATHS = "$(inherited) @executable_path/Frameworks";
				PRODUCT_BUNDLE_IDENTIFIER = com.zjixin.Home;
				PRODUCT_NAME = "$(TARGET_NAME)";
			};
			name = Debug;
		};
		78EEA5C21CD838BC00417766 /* Release */ = {
			isa = XCBuildConfiguration;
			buildSettings = {
				ASSETCATALOG_COMPILER_APPICON_NAME = AppIcon;
				CODE_SIGN_ENTITLEMENTS = SmartHome/SmartHome.entitlements;
				CODE_SIGN_IDENTITY = "iPhone Developer";
				DEVELOPMENT_TEAM = 4RTMSXL9KV;
				INFOPLIST_FILE = SmartHome/Info.plist;
				LD_RUNPATH_SEARCH_PATHS = "$(inherited) @executable_path/Frameworks";
				PRODUCT_BUNDLE_IDENTIFIER = com.zjixin.Home;
				PRODUCT_NAME = "$(TARGET_NAME)";
			};
			name = Release;
		};
		DA73CD6B1EADDBA600B94E0B /* Debug */ = {
			isa = XCBuildConfiguration;
			buildSettings = {
				CLANG_ANALYZER_NONNULL = YES;
				CLANG_ANALYZER_NUMBER_OBJECT_CONVERSION = YES_AGGRESSIVE;
				CLANG_WARN_DOCUMENTATION_COMMENTS = YES;
				CLANG_WARN_INFINITE_RECURSION = YES;
				CLANG_WARN_SUSPICIOUS_MOVE = YES;
				CODE_SIGN_ENTITLEMENTS = Widget/Widget.entitlements;
				CODE_SIGN_IDENTITY = "iPhone Developer";
				DEVELOPMENT_TEAM = 4RTMSXL9KV;
				INFOPLIST_FILE = Widget/Info.plist;
				IPHONEOS_DEPLOYMENT_TARGET = 10.3;
				LD_RUNPATH_SEARCH_PATHS = "$(inherited) @executable_path/Frameworks @executable_path/../../Frameworks";
				PRODUCT_BUNDLE_IDENTIFIER = com.zjixin.Home.Widget;
				PRODUCT_NAME = "$(TARGET_NAME)";
				SKIP_INSTALL = YES;
			};
			name = Debug;
		};
		DA73CD6C1EADDBA600B94E0B /* Release */ = {
			isa = XCBuildConfiguration;
			buildSettings = {
				CLANG_ANALYZER_NONNULL = YES;
				CLANG_ANALYZER_NUMBER_OBJECT_CONVERSION = YES_AGGRESSIVE;
				CLANG_WARN_DOCUMENTATION_COMMENTS = YES;
				CLANG_WARN_INFINITE_RECURSION = YES;
				CLANG_WARN_SUSPICIOUS_MOVE = YES;
				CODE_SIGN_ENTITLEMENTS = Widget/Widget.entitlements;
				CODE_SIGN_IDENTITY = "iPhone Developer";
				DEVELOPMENT_TEAM = 4RTMSXL9KV;
				INFOPLIST_FILE = Widget/Info.plist;
				IPHONEOS_DEPLOYMENT_TARGET = 10.3;
				LD_RUNPATH_SEARCH_PATHS = "$(inherited) @executable_path/Frameworks @executable_path/../../Frameworks";
				PRODUCT_BUNDLE_IDENTIFIER = com.zjixin.Home.Widget;
				PRODUCT_NAME = "$(TARGET_NAME)";
				SKIP_INSTALL = YES;
			};
			name = Release;
		};
/* End XCBuildConfiguration section */

/* Begin XCConfigurationList section */
		78EEA5A41CD838BC00417766 /* Build configuration list for PBXProject "SmartHome" */ = {
			isa = XCConfigurationList;
			buildConfigurations = (
				78EEA5BE1CD838BC00417766 /* Debug */,
				78EEA5BF1CD838BC00417766 /* Release */,
			);
			defaultConfigurationIsVisible = 0;
			defaultConfigurationName = Release;
		};
		78EEA5C01CD838BC00417766 /* Build configuration list for PBXNativeTarget "SmartHome" */ = {
			isa = XCConfigurationList;
			buildConfigurations = (
				78EEA5C11CD838BC00417766 /* Debug */,
				78EEA5C21CD838BC00417766 /* Release */,
			);
			defaultConfigurationIsVisible = 0;
			defaultConfigurationName = Release;
		};
		DA73CD6A1EADDBA600B94E0B /* Build configuration list for PBXNativeTarget "Widget" */ = {
			isa = XCConfigurationList;
			buildConfigurations = (
				DA73CD6B1EADDBA600B94E0B /* Debug */,
				DA73CD6C1EADDBA600B94E0B /* Release */,
			);
			defaultConfigurationIsVisible = 0;
			defaultConfigurationName = Release;
		};
/* End XCConfigurationList section */
	};
	rootObject = 78EEA5A11CD838BC00417766 /* Project object */;
}
